
Microsoft Visual Studio Solution File, Format Version 12.00
# Visual Studio 14
VisualStudioVersion = 14.0.25123.0
MinimumVisualStudioVersion = 10.0.40219.1
Project("{8BC9CEB8-8B4A-11D0-8D11-00A0C91BC942}") = "ICRMKinematics", "ICRMKinematics\ICRMKinematics.vcxproj", "{4EEB6607-8E89-4270-9E24-E1CE484752F3}"
EndProject
Project("{8BC9CEB8-8B4A-11D0-8D11-00A0C91BC942}") = "ICRMKinematics_testDLL", "ICRMKinematics_testDLL\ICRMKinematics_testDLL.vcxproj", "{85083726-B0A5-4E21-BFC6-23CDCD5EF41A}"
EndProject
Project("{2150E333-8FDC-42A3-9474-1A3956D46DE8}") = "Solution Items", "Solution Items", "{5FB427B0-DC31-47E0-A028-89F0D9299D40}"
EndProject
Project("{8BC9CEB8-8B4A-11D0-8D11-00A0C91BC942}") = "ICRMKinematics_testInvP", "ICRMKinematics_test\ICRMKinematics_test.vcxproj", "{98819EB4-B3E2-4061-BC39-A6445C09261C}"
EndProject
Project("{8BC9CEB8-8B4A-11D0-8D11-00A0C91BC942}") = "runQpsGrid_funxyzpp", "runQpsGrid_funxyzpp\runQpsGrid_funxyzpp.vcxproj", "{5D1B7E69-AA65-4DA1-88D7-AA2B1C9FAAE0}"
EndProject
Project("{8BC9CEB8-8B4A-11D0-8D11-00A0C91BC942}") = "compareIKSolutionStability", "compareIKSolutionStability\compareIKSolutionStability.vcxproj", "{22718034-7DF8-4B49-9135-F680F3CDA095}"
EndProject
Global
	GlobalSection(SolutionConfigurationPlatforms) = preSolution
		Debug|x64 = Debug|x64
		Debug|x86 = Debug|x86
		Release|x64 = Release|x64
		Release|x86 = Release|x86
	EndGlobalSection
	GlobalSection(ProjectConfigurationPlatforms) = postSolution
		{4EEB6607-8E89-4270-9E24-E1CE484752F3}.Debug|x64.ActiveCfg = Debug|x64
		{4EEB6607-8E89-4270-9E24-E1CE484752F3}.Debug|x64.Build.0 = Debug|x64
		{4EEB6607-8E89-4270-9E24-E1CE484752F3}.Debug|x86.ActiveCfg = Debug|Win32
		{4EEB6607-8E89-4270-9E24-E1CE484752F3}.Debug|x86.Build.0 = Debug|Win32
		{4EEB6607-8E89-4270-9E24-E1CE484752F3}.Release|x64.ActiveCfg = Release|x64
		{4EEB6607-8E89-4270-9E24-E1CE484752F3}.Release|x64.Build.0 = Release|x64
		{4EEB6607-8E89-4270-9E24-E1CE484752F3}.Release|x86.ActiveCfg = Release|Win32
		{4EEB6607-8E89-4270-9E24-E1CE484752F3}.Release|x86.Build.0 = Release|Win32
		{85083726-B0A5-4E21-BFC6-23CDCD5EF41A}.Debug|x64.ActiveCfg = Debug|x64
		{85083726-B0A5-4E21-BFC6-23CDCD5EF41A}.Debug|x64.Build.0 = Debug|x64
		{85083726-B0A5-4E21-BFC6-23CDCD5EF41A}.Debug|x86.ActiveCfg = Debug|Win32
		{85083726-B0A5-4E21-BFC6-23CDCD5EF41A}.Debug|x86.Build.0 = Debug|Win32
		{85083726-B0A5-4E21-BFC6-23CDCD5EF41A}.Release|x64.ActiveCfg = Release|x64
		{85083726-B0A5-4E21-BFC6-23CDCD5EF41A}.Release|x64.Build.0 = Release|x64
		{85083726-B0A5-4E21-BFC6-23CDCD5EF41A}.Release|x86.ActiveCfg = Release|Win32
		{85083726-B0A5-4E21-BFC6-23CDCD5EF41A}.Release|x86.Build.0 = Release|Win32
		{98819EB4-B3E2-4061-BC39-A6445C09261C}.Debug|x64.ActiveCfg = Debug|x64
		{98819EB4-B3E2-4061-BC39-A6445C09261C}.Debug|x64.Build.0 = Debug|x64
		{98819EB4-B3E2-4061-BC39-A6445C09261C}.Debug|x86.ActiveCfg = Debug|Win32
		{98819EB4-B3E2-4061-BC39-A6445C09261C}.Debug|x86.Build.0 = Debug|Win32
		{98819EB4-B3E2-4061-BC39-A6445C09261C}.Release|x64.ActiveCfg = Release|x64
		{98819EB4-B3E2-4061-BC39-A6445C09261C}.Release|x64.Build.0 = Release|x64
		{98819EB4-B3E2-4061-BC39-A6445C09261C}.Release|x86.ActiveCfg = Release|Win32
		{98819EB4-B3E2-4061-BC39-A6445C09261C}.Release|x86.Build.0 = Release|Win32
		{5D1B7E69-AA65-4DA1-88D7-AA2B1C9FAAE0}.Debug|x64.ActiveCfg = Debug|x64
		{5D1B7E69-AA65-4DA1-88D7-AA2B1C9FAAE0}.Debug|x64.Build.0 = Debug|x64
		{5D1B7E69-AA65-4DA1-88D7-AA2B1C9FAAE0}.Debug|x86.ActiveCfg = Debug|Win32
		{5D1B7E69-AA65-4DA1-88D7-AA2B1C9FAAE0}.Debug|x86.Build.0 = Debug|Win32
		{5D1B7E69-AA65-4DA1-88D7-AA2B1C9FAAE0}.Release|x64.ActiveCfg = Release|x64
		{5D1B7E69-AA65-4DA1-88D7-AA2B1C9FAAE0}.Release|x64.Build.0 = Release|x64
		{5D1B7E69-AA65-4DA1-88D7-AA2B1C9FAAE0}.Release|x86.ActiveCfg = Release|Win32
		{5D1B7E69-AA65-4DA1-88D7-AA2B1C9FAAE0}.Release|x86.Build.0 = Release|Win32
		{22718034-7DF8-4B49-9135-F680F3CDA095}.Debug|x64.ActiveCfg = Debug|x64
		{22718034-7DF8-4B49-9135-F680F3CDA095}.Debug|x64.Build.0 = Debug|x64
		{22718034-7DF8-4B49-9135-F680F3CDA095}.Debug|x86.ActiveCfg = Debug|Win32
		{22718034-7DF8-4B49-9135-F680F3CDA095}.Debug|x86.Build.0 = Debug|Win32
		{22718034-7DF8-4B49-9135-F680F3CDA095}.Release|x64.ActiveCfg = Release|x64
		{22718034-7DF8-4B49-9135-F680F3CDA095}.Release|x64.Build.0 = Release|x64
		{22718034-7DF8-4B49-9135-F680F3CDA095}.Release|x86.ActiveCfg = Release|Win32
		{22718034-7DF8-4B49-9135-F680F3CDA095}.Release|x86.Build.0 = Release|Win32
	EndGlobalSection
	GlobalSection(SolutionProperties) = preSolution
		HideSolutionNode = FALSE
	EndGlobalSection
EndGlobal
